
Microsoft Visual Studio Solution File, Format Version 12.00
# Visual Studio Version 16
VisualStudioVersion = 16.0.30523.141
MinimumVisualStudioVersion = 10.0.40219.1
Project("{FAE04EC0-301F-11D3-BF4B-00C04F79EFBC}") = "Assessment1", "Assessment1\Assessment1.csproj", "{81C0AC9D-4AF5-4F38-8BD3-76BC38E764B1}"
EndProject
Project("{FAE04EC0-301F-11D3-BF4B-00C04F79EFBC}") = "UnitTestProject", "UnitTestProject\UnitTestProject.csproj", "{C46686A0-1D2B-4EFB-AA1D-1290CD795439}"
EndProject
Global
	GlobalSection(SolutionConfigurationPlatforms) = preSolution
		Debug|Any CPU = Debug|Any CPU
		Release|Any CPU = Release|Any CPU
	EndGlobalSection
	GlobalSection(ProjectConfigurationPlatforms) = postSolution
		{81C0AC9D-4AF5-4F38-8BD3-76BC38E764B1}.Debug|Any CPU.ActiveCfg = Debug|Any CPU
		{81C0AC9D-4AF5-4F38-8BD3-76BC38E764B1}.Debug|Any CPU.Build.0 = Debug|Any CPU
		{81C0AC9D-4AF5-4F38-8BD3-76BC38E764B1}.Release|Any CPU.ActiveCfg = Release|Any CPU
		{81C0AC9D-4AF5-4F38-8BD3-76BC38E764B1}.Release|Any CPU.Build.0 = Release|Any CPU
		{C46686A0-1D2B-4EFB-AA1D-1290CD795439}.Debug|Any CPU.ActiveCfg = Debug|Any CPU
		{C46686A0-1D2B-4EFB-AA1D-1290CD795439}.Debug|Any CPU.Build.0 = Debug|Any CPU
		{C46686A0-1D2B-4EFB-AA1D-1290CD795439}.Release|Any CPU.ActiveCfg = Release|Any CPU
		{C46686A0-1D2B-4EFB-AA1D-1290CD795439}.Release|Any CPU.Build.0 = Release|Any CPU
	EndGlobalSection
	GlobalSection(SolutionProperties) = preSolution
		HideSolutionNode = FALSE
	EndGlobalSection
	GlobalSection(ExtensibilityGlobals) = postSolution
		SolutionGuid = {7AAED377-71D0-455D-B332-49F9901EB6A6}
	EndGlobalSection
EndGlobal
